
Microsoft Visual Studio Solution File, Format Version 12.00
# Visual Studio Version 17
VisualStudioVersion = 17.6.33815.320
MinimumVisualStudioVersion = 10.0.40219.1
Project("{FAE04EC0-301F-11D3-BF4B-00C04F79EFBC}") = "UserRegistrationProblem", "UserRegistrationProblem\UserRegistrationProblem.csproj", "{096C0319-8AE7-4EAD-8172-AA262DAA7A43}"
EndProject
Global
	GlobalSection(SolutionConfigurationPlatforms) = preSolution
		Debug|Any CPU = Debug|Any CPU
		Release|Any CPU = Release|Any CPU
	EndGlobalSection
	GlobalSection(ProjectConfigurationPlatforms) = postSolution
		{096C0319-8AE7-4EAD-8172-AA262DAA7A43}.Debug|Any CPU.ActiveCfg = Debug|Any CPU
		{096C0319-8AE7-4EAD-8172-AA262DAA7A43}.Debug|Any CPU.Build.0 = Debug|Any CPU
		{096C0319-8AE7-4EAD-8172-AA262DAA7A43}.Release|Any CPU.ActiveCfg = Release|Any CPU
		{096C0319-8AE7-4EAD-8172-AA262DAA7A43}.Release|Any CPU.Build.0 = Release|Any CPU
	EndGlobalSection
	GlobalSection(SolutionProperties) = preSolution
		HideSolutionNode = FALSE
	EndGlobalSection
	GlobalSection(ExtensibilityGlobals) = postSolution
		SolutionGuid = {1FDA30B0-30FD-457D-AF8B-CEE2BA059E8E}
	EndGlobalSection
EndGlobal
